
Microsoft Visual Studio Solution File, Format Version 12.00
# Visual Studio Version 17
VisualStudioVersion = 17.8.34330.188
MinimumVisualStudioVersion = 10.0.40219.1
Project("{FAE04EC0-301F-11D3-BF4B-00C04F79EFBC}") = "TriangleOfPasckal", "TriangleOfPasckal\TriangleOfPasckal.csproj", "{96A01876-CDAF-4DC5-A3E8-C862F27B4F12}"
EndProject
Project("{FAE04EC0-301F-11D3-BF4B-00C04F79EFBC}") = "MaksimalnaPloshtadka", "MaksimalnaPloshtadka\MaksimalnaPloshtadka.csproj", "{0FF015DE-2D22-432A-B29F-E3E0E7ECA7FE}"
EndProject
Global
	GlobalSection(SolutionConfigurationPlatforms) = preSolution
		Debug|Any CPU = Debug|Any CPU
		Release|Any CPU = Release|Any CPU
	EndGlobalSection
	GlobalSection(ProjectConfigurationPlatforms) = postSolution
		{96A01876-CDAF-4DC5-A3E8-C862F27B4F12}.Debug|Any CPU.ActiveCfg = Debug|Any CPU
		{96A01876-CDAF-4DC5-A3E8-C862F27B4F12}.Debug|Any CPU.Build.0 = Debug|Any CPU
		{96A01876-CDAF-4DC5-A3E8-C862F27B4F12}.Release|Any CPU.ActiveCfg = Release|Any CPU
		{96A01876-CDAF-4DC5-A3E8-C862F27B4F12}.Release|Any CPU.Build.0 = Release|Any CPU
		{0FF015DE-2D22-432A-B29F-E3E0E7ECA7FE}.Debug|Any CPU.ActiveCfg = Debug|Any CPU
		{0FF015DE-2D22-432A-B29F-E3E0E7ECA7FE}.Debug|Any CPU.Build.0 = Debug|Any CPU
		{0FF015DE-2D22-432A-B29F-E3E0E7ECA7FE}.Release|Any CPU.ActiveCfg = Release|Any CPU
		{0FF015DE-2D22-432A-B29F-E3E0E7ECA7FE}.Release|Any CPU.Build.0 = Release|Any CPU
	EndGlobalSection
	GlobalSection(SolutionProperties) = preSolution
		HideSolutionNode = FALSE
	EndGlobalSection
	GlobalSection(ExtensibilityGlobals) = postSolution
		SolutionGuid = {90866000-5D0F-4641-AD91-AAA370A9D078}
	EndGlobalSection
EndGlobal
